
Microsoft Visual Studio Solution File, Format Version 12.00
# Visual Studio Version 16
VisualStudioVersion = 16.0.32106.194
MinimumVisualStudioVersion = 10.0.40219.1
Project("{F184B08F-C81C-45F6-A57F-5ABD9991F28F}") = "BHUMIKA1", "BHUMIKA1\BHUMIKA1.vbproj", "{7DF3C92F-E888-4BAB-A903-E5BEA6F8CB86}"
EndProject
Global
	GlobalSection(SolutionConfigurationPlatforms) = preSolution
		Debug|Any CPU = Debug|Any CPU
		Release|Any CPU = Release|Any CPU
	EndGlobalSection
	GlobalSection(ProjectConfigurationPlatforms) = postSolution
		{7DF3C92F-E888-4BAB-A903-E5BEA6F8CB86}.Debug|Any CPU.ActiveCfg = Debug|Any CPU
		{7DF3C92F-E888-4BAB-A903-E5BEA6F8CB86}.Debug|Any CPU.Build.0 = Debug|Any CPU
		{7DF3C92F-E888-4BAB-A903-E5BEA6F8CB86}.Release|Any CPU.ActiveCfg = Release|Any CPU
		{7DF3C92F-E888-4BAB-A903-E5BEA6F8CB86}.Release|Any CPU.Build.0 = Release|Any CPU
	EndGlobalSection
	GlobalSection(SolutionProperties) = preSolution
		HideSolutionNode = FALSE
	EndGlobalSection
	GlobalSection(ExtensibilityGlobals) = postSolution
		SolutionGuid = {C5B5502C-4CC9-4248-A9D6-04BF99D9885B}
	EndGlobalSection
EndGlobal
